// !$*UTF8*$!
{
	archiveVersion = 1;
	classes = {
	};
	objectVersion = 56;
	objects = {

/* Begin PBXBuildFile section */
		AB19ADE42B4E9C7700CAD89D /* MangasMain.swift in Sources */ = {isa = PBXBuildFile; fileRef = AB19ADE32B4E9C7700CAD89D /* MangasMain.swift */; };
		AB19ADE82B4EBD4200CAD89D /* SearchView.swift in Sources */ = {isa = PBXBuildFile; fileRef = AB19ADE72B4EBD4200CAD89D /* SearchView.swift */; };
		AB19ADEA2B4EEB1100CAD89D /* AllMangasView.swift in Sources */ = {isa = PBXBuildFile; fileRef = AB19ADE92B4EEB1100CAD89D /* AllMangasView.swift */; };
		AB19ADEC2B4EEFE100CAD89D /* MangaDetailView.swift in Sources */ = {isa = PBXBuildFile; fileRef = AB19ADEB2B4EEFE100CAD89D /* MangaDetailView.swift */; };
		AB19ADF02B51B19200CAD89D /* BottomTitleView.swift in Sources */ = {isa = PBXBuildFile; fileRef = AB19ADEF2B51B19200CAD89D /* BottomTitleView.swift */; };
		AB19ADF32B51B78200CAD89D /* Modifiers.swift in Sources */ = {isa = PBXBuildFile; fileRef = AB19ADF22B51B78200CAD89D /* Modifiers.swift */; };
		AB19ADF52B51B78F00CAD89D /* Extensions.swift in Sources */ = {isa = PBXBuildFile; fileRef = AB19ADF42B51B78F00CAD89D /* Extensions.swift */; };
		AB3735482B59940100FFB825 /* MangasByGenresView.swift in Sources */ = {isa = PBXBuildFile; fileRef = AB3735472B59940100FFB825 /* MangasByGenresView.swift */; };
		AB37354A2B59941B00FFB825 /* MangasByThemesView.swift in Sources */ = {isa = PBXBuildFile; fileRef = AB3735492B59941B00FFB825 /* MangasByThemesView.swift */; };
		ABA80A442B530A9A0081C404 /* BestMangasView.swift in Sources */ = {isa = PBXBuildFile; fileRef = ABA80A432B530A9A0081C404 /* BestMangasView.swift */; };
		ABA80A462B568D410081C404 /* AuthorsView.swift in Sources */ = {isa = PBXBuildFile; fileRef = ABA80A452B568D410081C404 /* AuthorsView.swift */; };
		ABA80A482B5694860081C404 /* DemographicsView.swift in Sources */ = {isa = PBXBuildFile; fileRef = ABA80A472B5694860081C404 /* DemographicsView.swift */; };
		ABA80A4A2B5696D70081C404 /* GenresView.swift in Sources */ = {isa = PBXBuildFile; fileRef = ABA80A492B5696D70081C404 /* GenresView.swift */; };
		ABA80A4C2B5698360081C404 /* ThemesView.swift in Sources */ = {isa = PBXBuildFile; fileRef = ABA80A4B2B5698360081C404 /* ThemesView.swift */; };
		ABA80A4E2B56E9670081C404 /* MangasByAuthorView.swift in Sources */ = {isa = PBXBuildFile; fileRef = ABA80A4D2B56E9670081C404 /* MangasByAuthorView.swift */; };
		ABA80A502B58360D0081C404 /* MangasByDemographicView.swift in Sources */ = {isa = PBXBuildFile; fileRef = ABA80A4F2B58360D0081C404 /* MangasByDemographicView.swift */; };
		ABCE4AC52B4540A700516621 /* ProyectoFinalMangasApp.swift in Sources */ = {isa = PBXBuildFile; fileRef = ABCE4AC42B4540A700516621 /* ProyectoFinalMangasApp.swift */; };
		ABCE4AC72B4540A700516621 /* ContentView.swift in Sources */ = {isa = PBXBuildFile; fileRef = ABCE4AC62B4540A700516621 /* ContentView.swift */; };
		ABCE4AC92B4540A800516621 /* Assets.xcassets in Resources */ = {isa = PBXBuildFile; fileRef = ABCE4AC82B4540A800516621 /* Assets.xcassets */; };
		ABCE4ACC2B4540A800516621 /* Preview Assets.xcassets in Resources */ = {isa = PBXBuildFile; fileRef = ABCE4ACB2B4540A800516621 /* Preview Assets.xcassets */; };
		ABCE4AD82B45415700516621 /* URL.swift in Sources */ = {isa = PBXBuildFile; fileRef = ABCE4AD72B45415700516621 /* URL.swift */; };
		ABCE4ADA2B45535700516621 /* DTOMangas.swift in Sources */ = {isa = PBXBuildFile; fileRef = ABCE4AD92B45535700516621 /* DTOMangas.swift */; };
		ABCE4ADC2B45601800516621 /* URLRequest.swift in Sources */ = {isa = PBXBuildFile; fileRef = ABCE4ADB2B45601800516621 /* URLRequest.swift */; };
		ABCE4ADE2B45605700516621 /* NetworkError.swift in Sources */ = {isa = PBXBuildFile; fileRef = ABCE4ADD2B45605700516621 /* NetworkError.swift */; };
		ABCE4AE02B45607600516621 /* URLSession.swift in Sources */ = {isa = PBXBuildFile; fileRef = ABCE4ADF2B45607600516621 /* URLSession.swift */; };
		ABCE4AE22B46F59A00516621 /* Network.swift in Sources */ = {isa = PBXBuildFile; fileRef = ABCE4AE12B46F59A00516621 /* Network.swift */; };
		ABCE4AE42B470C7900516621 /* MangasVM.swift in Sources */ = {isa = PBXBuildFile; fileRef = ABCE4AE32B470C7900516621 /* MangasVM.swift */; };
		ABCE4AE62B4C0A1E00516621 /* MangaView.swift in Sources */ = {isa = PBXBuildFile; fileRef = ABCE4AE52B4C0A1E00516621 /* MangaView.swift */; };
		ABCE4AE82B4C0BE300516621 /* DataTest.swift in Sources */ = {isa = PBXBuildFile; fileRef = ABCE4AE72B4C0BE300516621 /* DataTest.swift */; };
		ABCE4AEA2B4C228100516621 /* Presentacion.swift in Sources */ = {isa = PBXBuildFile; fileRef = ABCE4AE92B4C228100516621 /* Presentacion.swift */; };
/* End PBXBuildFile section */

/* Begin PBXFileReference section */
		AB19ADE32B4E9C7700CAD89D /* MangasMain.swift */ = {isa = PBXFileReference; lastKnownFileType = sourcecode.swift; path = MangasMain.swift; sourceTree = "<group>"; };
		AB19ADE72B4EBD4200CAD89D /* SearchView.swift */ = {isa = PBXFileReference; lastKnownFileType = sourcecode.swift; path = SearchView.swift; sourceTree = "<group>"; };
		AB19ADE92B4EEB1100CAD89D /* AllMangasView.swift */ = {isa = PBXFileReference; lastKnownFileType = sourcecode.swift; path = AllMangasView.swift; sourceTree = "<group>"; };
		AB19ADEB2B4EEFE100CAD89D /* MangaDetailView.swift */ = {isa = PBXFileReference; lastKnownFileType = sourcecode.swift; path = MangaDetailView.swift; sourceTree = "<group>"; };
		AB19ADEF2B51B19200CAD89D /* BottomTitleView.swift */ = {isa = PBXFileReference; lastKnownFileType = sourcecode.swift; path = BottomTitleView.swift; sourceTree = "<group>"; };
		AB19ADF22B51B78200CAD89D /* Modifiers.swift */ = {isa = PBXFileReference; lastKnownFileType = sourcecode.swift; path = Modifiers.swift; sourceTree = "<group>"; };
		AB19ADF42B51B78F00CAD89D /* Extensions.swift */ = {isa = PBXFileReference; lastKnownFileType = sourcecode.swift; path = Extensions.swift; sourceTree = "<group>"; };
		AB3735472B59940100FFB825 /* MangasByGenresView.swift */ = {isa = PBXFileReference; lastKnownFileType = sourcecode.swift; path = MangasByGenresView.swift; sourceTree = "<group>"; };
		AB3735492B59941B00FFB825 /* MangasByThemesView.swift */ = {isa = PBXFileReference; lastKnownFileType = sourcecode.swift; path = MangasByThemesView.swift; sourceTree = "<group>"; };
		ABA80A432B530A9A0081C404 /* BestMangasView.swift */ = {isa = PBXFileReference; lastKnownFileType = sourcecode.swift; path = BestMangasView.swift; sourceTree = "<group>"; };
		ABA80A452B568D410081C404 /* AuthorsView.swift */ = {isa = PBXFileReference; lastKnownFileType = sourcecode.swift; path = AuthorsView.swift; sourceTree = "<group>"; };
		ABA80A472B5694860081C404 /* DemographicsView.swift */ = {isa = PBXFileReference; lastKnownFileType = sourcecode.swift; path = DemographicsView.swift; sourceTree = "<group>"; };
		ABA80A492B5696D70081C404 /* GenresView.swift */ = {isa = PBXFileReference; lastKnownFileType = sourcecode.swift; path = GenresView.swift; sourceTree = "<group>"; };
		ABA80A4B2B5698360081C404 /* ThemesView.swift */ = {isa = PBXFileReference; lastKnownFileType = sourcecode.swift; path = ThemesView.swift; sourceTree = "<group>"; };
		ABA80A4D2B56E9670081C404 /* MangasByAuthorView.swift */ = {isa = PBXFileReference; lastKnownFileType = sourcecode.swift; path = MangasByAuthorView.swift; sourceTree = "<group>"; };
		ABA80A4F2B58360D0081C404 /* MangasByDemographicView.swift */ = {isa = PBXFileReference; lastKnownFileType = sourcecode.swift; path = MangasByDemographicView.swift; sourceTree = "<group>"; };
		ABCE4AC12B4540A700516621 /* ProyectoFinalMangas.app */ = {isa = PBXFileReference; explicitFileType = wrapper.application; includeInIndex = 0; path = ProyectoFinalMangas.app; sourceTree = BUILT_PRODUCTS_DIR; };
		ABCE4AC42B4540A700516621 /* ProyectoFinalMangasApp.swift */ = {isa = PBXFileReference; lastKnownFileType = sourcecode.swift; path = ProyectoFinalMangasApp.swift; sourceTree = "<group>"; };
		ABCE4AC62B4540A700516621 /* ContentView.swift */ = {isa = PBXFileReference; lastKnownFileType = sourcecode.swift; path = ContentView.swift; sourceTree = "<group>"; };
		ABCE4AC82B4540A800516621 /* Assets.xcassets */ = {isa = PBXFileReference; lastKnownFileType = folder.assetcatalog; path = Assets.xcassets; sourceTree = "<group>"; };
		ABCE4ACB2B4540A800516621 /* Preview Assets.xcassets */ = {isa = PBXFileReference; lastKnownFileType = folder.assetcatalog; path = "Preview Assets.xcassets"; sourceTree = "<group>"; };
		ABCE4AD72B45415700516621 /* URL.swift */ = {isa = PBXFileReference; lastKnownFileType = sourcecode.swift; path = URL.swift; sourceTree = "<group>"; };
		ABCE4AD92B45535700516621 /* DTOMangas.swift */ = {isa = PBXFileReference; lastKnownFileType = sourcecode.swift; path = DTOMangas.swift; sourceTree = "<group>"; };
		ABCE4ADB2B45601800516621 /* URLRequest.swift */ = {isa = PBXFileReference; lastKnownFileType = sourcecode.swift; path = URLRequest.swift; sourceTree = "<group>"; };
		ABCE4ADD2B45605700516621 /* NetworkError.swift */ = {isa = PBXFileReference; lastKnownFileType = sourcecode.swift; path = NetworkError.swift; sourceTree = "<group>"; };
		ABCE4ADF2B45607600516621 /* URLSession.swift */ = {isa = PBXFileReference; lastKnownFileType = sourcecode.swift; path = URLSession.swift; sourceTree = "<group>"; };
		ABCE4AE12B46F59A00516621 /* Network.swift */ = {isa = PBXFileReference; lastKnownFileType = sourcecode.swift; path = Network.swift; sourceTree = "<group>"; };
		ABCE4AE32B470C7900516621 /* MangasVM.swift */ = {isa = PBXFileReference; lastKnownFileType = sourcecode.swift; path = MangasVM.swift; sourceTree = "<group>"; };
		ABCE4AE52B4C0A1E00516621 /* MangaView.swift */ = {isa = PBXFileReference; lastKnownFileType = sourcecode.swift; path = MangaView.swift; sourceTree = "<group>"; };
		ABCE4AE72B4C0BE300516621 /* DataTest.swift */ = {isa = PBXFileReference; lastKnownFileType = sourcecode.swift; path = DataTest.swift; sourceTree = "<group>"; };
		ABCE4AE92B4C228100516621 /* Presentacion.swift */ = {isa = PBXFileReference; lastKnownFileType = sourcecode.swift; path = Presentacion.swift; sourceTree = "<group>"; };
/* End PBXFileReference section */

/* Begin PBXFrameworksBuildPhase section */
		ABCE4ABE2B4540A700516621 /* Frameworks */ = {
			isa = PBXFrameworksBuildPhase;
			buildActionMask = 2147483647;
			files = (
			);
			runOnlyForDeploymentPostprocessing = 0;
		};
/* End PBXFrameworksBuildPhase section */

/* Begin PBXGroup section */
		AB19ADF12B51B74500CAD89D /* Helpers */ = {
			isa = PBXGroup;
			children = (
				AB19ADF22B51B78200CAD89D /* Modifiers.swift */,
				AB19ADF42B51B78F00CAD89D /* Extensions.swift */,
			);
			name = Helpers;
			sourceTree = "<group>";
		};
		ABCE4AB82B4540A600516621 = {
			isa = PBXGroup;
			children = (
				ABCE4AC32B4540A700516621 /* ProyectoFinalMangas */,
				ABCE4AC22B4540A700516621 /* Products */,
			);
			sourceTree = "<group>";
		};
		ABCE4AC22B4540A700516621 /* Products */ = {
			isa = PBXGroup;
			children = (
				ABCE4AC12B4540A700516621 /* ProyectoFinalMangas.app */,
			);
			name = Products;
			sourceTree = "<group>";
		};
		ABCE4AC32B4540A700516621 /* ProyectoFinalMangas */ = {
			isa = PBXGroup;
			children = (
				ABCE4AC42B4540A700516621 /* ProyectoFinalMangasApp.swift */,
				AB19ADE32B4E9C7700CAD89D /* MangasMain.swift */,
				ABCE4AC62B4540A700516621 /* ContentView.swift */,
				AB19ADE72B4EBD4200CAD89D /* SearchView.swift */,
				AB19ADE92B4EEB1100CAD89D /* AllMangasView.swift */,
				ABA80A432B530A9A0081C404 /* BestMangasView.swift */,
				ABA80A452B568D410081C404 /* AuthorsView.swift */,
				ABA80A472B5694860081C404 /* DemographicsView.swift */,
				ABA80A492B5696D70081C404 /* GenresView.swift */,
				ABA80A4B2B5698360081C404 /* ThemesView.swift */,
				ABA80A4D2B56E9670081C404 /* MangasByAuthorView.swift */,
				ABA80A4F2B58360D0081C404 /* MangasByDemographicView.swift */,
				AB3735472B59940100FFB825 /* MangasByGenresView.swift */,
				AB3735492B59941B00FFB825 /* MangasByThemesView.swift */,
				AB19ADEB2B4EEFE100CAD89D /* MangaDetailView.swift */,
				ABCE4AD22B4540C700516621 /* Components */,
				AB19ADF12B51B74500CAD89D /* Helpers */,
				ABCE4AD32B4540D600516621 /* ViewModels */,
				ABCE4AD42B4540F400516621 /* Interactor */,
				ABCE4AD52B4540FF00516621 /* Interface */,
				ABCE4AD62B45412F00516621 /* Model */,
				ABCE4AC82B4540A800516621 /* Assets.xcassets */,
				ABCE4ACA2B4540A800516621 /* Preview Content */,
			);
			path = ProyectoFinalMangas;
			sourceTree = "<group>";
		};
		ABCE4ACA2B4540A800516621 /* Preview Content */ = {
			isa = PBXGroup;
			children = (
				ABCE4ACB2B4540A800516621 /* Preview Assets.xcassets */,
				ABCE4AE72B4C0BE300516621 /* DataTest.swift */,
			);
			path = "Preview Content";
			sourceTree = "<group>";
		};
		ABCE4AD22B4540C700516621 /* Components */ = {
			isa = PBXGroup;
			children = (
				ABCE4AE52B4C0A1E00516621 /* MangaView.swift */,
				AB19ADEF2B51B19200CAD89D /* BottomTitleView.swift */,
			);
			name = Components;
			sourceTree = "<group>";
		};
		ABCE4AD32B4540D600516621 /* ViewModels */ = {
			isa = PBXGroup;
			children = (
				ABCE4AE32B470C7900516621 /* MangasVM.swift */,
			);
			name = ViewModels;
			sourceTree = "<group>";
		};
		ABCE4AD42B4540F400516621 /* Interactor */ = {
			isa = PBXGroup;
			children = (
				ABCE4AE12B46F59A00516621 /* Network.swift */,
			);
			name = Interactor;
			sourceTree = "<group>";
		};
		ABCE4AD52B4540FF00516621 /* Interface */ = {
			isa = PBXGroup;
			children = (
				ABCE4AD72B45415700516621 /* URL.swift */,
				ABCE4ADB2B45601800516621 /* URLRequest.swift */,
				ABCE4ADD2B45605700516621 /* NetworkError.swift */,
				ABCE4ADF2B45607600516621 /* URLSession.swift */,
			);
			name = Interface;
			sourceTree = "<group>";
		};
		ABCE4AD62B45412F00516621 /* Model */ = {
			isa = PBXGroup;
			children = (
				ABCE4AD92B45535700516621 /* DTOMangas.swift */,
				ABCE4AE92B4C228100516621 /* Presentacion.swift */,
			);
			name = Model;
			sourceTree = "<group>";
		};
/* End PBXGroup section */

/* Begin PBXNativeTarget section */
		ABCE4AC02B4540A700516621 /* ProyectoFinalMangas */ = {
			isa = PBXNativeTarget;
			buildConfigurationList = ABCE4ACF2B4540A800516621 /* Build configuration list for PBXNativeTarget "ProyectoFinalMangas" */;
			buildPhases = (
				ABCE4ABD2B4540A700516621 /* Sources */,
				ABCE4ABE2B4540A700516621 /* Frameworks */,
				ABCE4ABF2B4540A700516621 /* Resources */,
			);
			buildRules = (
			);
			dependencies = (
			);
			name = ProyectoFinalMangas;
			productName = ProyectoFinalMangas;
			productReference = ABCE4AC12B4540A700516621 /* ProyectoFinalMangas.app */;
			productType = "com.apple.product-type.application";
		};
/* End PBXNativeTarget section */

/* Begin PBXProject section */
		ABCE4AB92B4540A600516621 /* Project object */ = {
			isa = PBXProject;
			attributes = {
				BuildIndependentTargetsInParallel = 1;
				LastSwiftUpdateCheck = 1510;
				LastUpgradeCheck = 1510;
				TargetAttributes = {
					ABCE4AC02B4540A700516621 = {
						CreatedOnToolsVersion = 15.1;
					};
				};
			};
			buildConfigurationList = ABCE4ABC2B4540A600516621 /* Build configuration list for PBXProject "ProyectoFinalMangas" */;
			compatibilityVersion = "Xcode 14.0";
			developmentRegion = en;
			hasScannedForEncodings = 0;
			knownRegions = (
				en,
				Base,
			);
			mainGroup = ABCE4AB82B4540A600516621;
			productRefGroup = ABCE4AC22B4540A700516621 /* Products */;
			projectDirPath = "";
			projectRoot = "";
			targets = (
				ABCE4AC02B4540A700516621 /* ProyectoFinalMangas */,
			);
		};
/* End PBXProject section */

/* Begin PBXResourcesBuildPhase section */
		ABCE4ABF2B4540A700516621 /* Resources */ = {
			isa = PBXResourcesBuildPhase;
			buildActionMask = 2147483647;
			files = (
				ABCE4ACC2B4540A800516621 /* Preview Assets.xcassets in Resources */,
				ABCE4AC92B4540A800516621 /* Assets.xcassets in Resources */,
			);
			runOnlyForDeploymentPostprocessing = 0;
		};
/* End PBXResourcesBuildPhase section */

/* Begin PBXSourcesBuildPhase section */
		ABCE4ABD2B4540A700516621 /* Sources */ = {
			isa = PBXSourcesBuildPhase;
			buildActionMask = 2147483647;
			files = (
				AB19ADE42B4E9C7700CAD89D /* MangasMain.swift in Sources */,
				ABA80A4A2B5696D70081C404 /* GenresView.swift in Sources */,
				ABCE4ADA2B45535700516621 /* DTOMangas.swift in Sources */,
				AB19ADEC2B4EEFE100CAD89D /* MangaDetailView.swift in Sources */,
				ABA80A4C2B5698360081C404 /* ThemesView.swift in Sources */,
				ABCE4AE02B45607600516621 /* URLSession.swift in Sources */,
				AB19ADF02B51B19200CAD89D /* BottomTitleView.swift in Sources */,
				ABCE4AE22B46F59A00516621 /* Network.swift in Sources */,
				ABCE4AE42B470C7900516621 /* MangasVM.swift in Sources */,
				AB3735482B59940100FFB825 /* MangasByGenresView.swift in Sources */,
				AB19ADF32B51B78200CAD89D /* Modifiers.swift in Sources */,
				ABCE4AC72B4540A700516621 /* ContentView.swift in Sources */,
				ABCE4AC52B4540A700516621 /* ProyectoFinalMangasApp.swift in Sources */,
				ABA80A502B58360D0081C404 /* MangasByDemographicView.swift in Sources */,
				AB19ADEA2B4EEB1100CAD89D /* AllMangasView.swift in Sources */,
				ABCE4ADE2B45605700516621 /* NetworkError.swift in Sources */,
				ABA80A4E2B56E9670081C404 /* MangasByAuthorView.swift in Sources */,
				ABA80A462B568D410081C404 /* AuthorsView.swift in Sources */,
				ABCE4AE62B4C0A1E00516621 /* MangaView.swift in Sources */,
				ABCE4AEA2B4C228100516621 /* Presentacion.swift in Sources */,
				AB19ADE82B4EBD4200CAD89D /* SearchView.swift in Sources */,
				ABA80A442B530A9A0081C404 /* BestMangasView.swift in Sources */,
				AB19ADF52B51B78F00CAD89D /* Extensions.swift in Sources */,
				ABA80A482B5694860081C404 /* DemographicsView.swift in Sources */,
				ABCE4AE82B4C0BE300516621 /* DataTest.swift in Sources */,
				ABCE4AD82B45415700516621 /* URL.swift in Sources */,
				AB37354A2B59941B00FFB825 /* MangasByThemesView.swift in Sources */,
				ABCE4ADC2B45601800516621 /* URLRequest.swift in Sources */,
			);
			runOnlyForDeploymentPostprocessing = 0;
		};
/* End PBXSourcesBuildPhase section */

/* Begin XCBuildConfiguration section */
		ABCE4ACD2B4540A800516621 /* Debug */ = {
			isa = XCBuildConfiguration;
			buildSettings = {
				ALWAYS_SEARCH_USER_PATHS = NO;
				ASSETCATALOG_COMPILER_GENERATE_SWIFT_ASSET_SYMBOL_EXTENSIONS = YES;
				CLANG_ANALYZER_NONNULL = YES;
				CLANG_ANALYZER_NUMBER_OBJECT_CONVERSION = YES_AGGRESSIVE;
				CLANG_CXX_LANGUAGE_STANDARD = "gnu++20";
				CLANG_ENABLE_MODULES = YES;
				CLANG_ENABLE_OBJC_ARC = YES;
				CLANG_ENABLE_OBJC_WEAK = YES;
				CLANG_WARN_BLOCK_CAPTURE_AUTORELEASING = YES;
				CLANG_WARN_BOOL_CONVERSION = YES;
				CLANG_WARN_COMMA = YES;
				CLANG_WARN_CONSTANT_CONVERSION = YES;
				CLANG_WARN_DEPRECATED_OBJC_IMPLEMENTATIONS = YES;
				CLANG_WARN_DIRECT_OBJC_ISA_USAGE = YES_ERROR;
				CLANG_WARN_DOCUMENTATION_COMMENTS = YES;
				CLANG_WARN_EMPTY_BODY = YES;
				CLANG_WARN_ENUM_CONVERSION = YES;
				CLANG_WARN_INFINITE_RECURSION = YES;
				CLANG_WARN_INT_CONVERSION = YES;
				CLANG_WARN_NON_LITERAL_NULL_CONVERSION = YES;
				CLANG_WARN_OBJC_IMPLICIT_RETAIN_SELF = YES;
				CLANG_WARN_OBJC_LITERAL_CONVERSION = YES;
				CLANG_WARN_OBJC_ROOT_CLASS = YES_ERROR;
				CLANG_WARN_QUOTED_INCLUDE_IN_FRAMEWORK_HEADER = YES;
				CLANG_WARN_RANGE_LOOP_ANALYSIS = YES;
				CLANG_WARN_STRICT_PROTOTYPES = YES;
				CLANG_WARN_SUSPICIOUS_MOVE = YES;
				CLANG_WARN_UNGUARDED_AVAILABILITY = YES_AGGRESSIVE;
				CLANG_WARN_UNREACHABLE_CODE = YES;
				CLANG_WARN__DUPLICATE_METHOD_MATCH = YES;
				COPY_PHASE_STRIP = NO;
				DEBUG_INFORMATION_FORMAT = dwarf;
				ENABLE_STRICT_OBJC_MSGSEND = YES;
				ENABLE_TESTABILITY = YES;
				ENABLE_USER_SCRIPT_SANDBOXING = YES;
				GCC_C_LANGUAGE_STANDARD = gnu17;
				GCC_DYNAMIC_NO_PIC = NO;
				GCC_NO_COMMON_BLOCKS = YES;
				GCC_OPTIMIZATION_LEVEL = 0;
				GCC_PREPROCESSOR_DEFINITIONS = (
					"DEBUG=1",
					"$(inherited)",
				);
				GCC_WARN_64_TO_32_BIT_CONVERSION = YES;
				GCC_WARN_ABOUT_RETURN_TYPE = YES_ERROR;
				GCC_WARN_UNDECLARED_SELECTOR = YES;
				GCC_WARN_UNINITIALIZED_AUTOS = YES_AGGRESSIVE;
				GCC_WARN_UNUSED_FUNCTION = YES;
				GCC_WARN_UNUSED_VARIABLE = YES;
				IPHONEOS_DEPLOYMENT_TARGET = 17.2;
				LOCALIZATION_PREFERS_STRING_CATALOGS = YES;
				MTL_ENABLE_DEBUG_INFO = INCLUDE_SOURCE;
				MTL_FAST_MATH = YES;
				ONLY_ACTIVE_ARCH = YES;
				SDKROOT = iphoneos;
				SWIFT_ACTIVE_COMPILATION_CONDITIONS = "DEBUG $(inherited)";
				SWIFT_OPTIMIZATION_LEVEL = "-Onone";
			};
			name = Debug;
		};
		ABCE4ACE2B4540A800516621 /* Release */ = {
			isa = XCBuildConfiguration;
			buildSettings = {
				ALWAYS_SEARCH_USER_PATHS = NO;
				ASSETCATALOG_COMPILER_GENERATE_SWIFT_ASSET_SYMBOL_EXTENSIONS = YES;
				CLANG_ANALYZER_NONNULL = YES;
				CLANG_ANALYZER_NUMBER_OBJECT_CONVERSION = YES_AGGRESSIVE;
				CLANG_CXX_LANGUAGE_STANDARD = "gnu++20";
				CLANG_ENABLE_MODULES = YES;
				CLANG_ENABLE_OBJC_ARC = YES;
				CLANG_ENABLE_OBJC_WEAK = YES;
				CLANG_WARN_BLOCK_CAPTURE_AUTORELEASING = YES;
				CLANG_WARN_BOOL_CONVERSION = YES;
				CLANG_WARN_COMMA = YES;
				CLANG_WARN_CONSTANT_CONVERSION = YES;
				CLANG_WARN_DEPRECATED_OBJC_IMPLEMENTATIONS = YES;
				CLANG_WARN_DIRECT_OBJC_ISA_USAGE = YES_ERROR;
				CLANG_WARN_DOCUMENTATION_COMMENTS = YES;
				CLANG_WARN_EMPTY_BODY = YES;
				CLANG_WARN_ENUM_CONVERSION = YES;
				CLANG_WARN_INFINITE_RECURSION = YES;
				CLANG_WARN_INT_CONVERSION = YES;
				CLANG_WARN_NON_LITERAL_NULL_CONVERSION = YES;
				CLANG_WARN_OBJC_IMPLICIT_RETAIN_SELF = YES;
				CLANG_WARN_OBJC_LITERAL_CONVERSION = YES;
				CLANG_WARN_OBJC_ROOT_CLASS = YES_ERROR;
				CLANG_WARN_QUOTED_INCLUDE_IN_FRAMEWORK_HEADER = YES;
				CLANG_WARN_RANGE_LOOP_ANALYSIS = YES;
				CLANG_WARN_STRICT_PROTOTYPES = YES;
				CLANG_WARN_SUSPICIOUS_MOVE = YES;
				CLANG_WARN_UNGUARDED_AVAILABILITY = YES_AGGRESSIVE;
				CLANG_WARN_UNREACHABLE_CODE = YES;
				CLANG_WARN__DUPLICATE_METHOD_MATCH = YES;
				COPY_PHASE_STRIP = NO;
				DEBUG_INFORMATION_FORMAT = "dwarf-with-dsym";
				ENABLE_NS_ASSERTIONS = NO;
				ENABLE_STRICT_OBJC_MSGSEND = YES;
				ENABLE_USER_SCRIPT_SANDBOXING = YES;
				GCC_C_LANGUAGE_STANDARD = gnu17;
				GCC_NO_COMMON_BLOCKS = YES;
				GCC_WARN_64_TO_32_BIT_CONVERSION = YES;
				GCC_WARN_ABOUT_RETURN_TYPE = YES_ERROR;
				GCC_WARN_UNDECLARED_SELECTOR = YES;
				GCC_WARN_UNINITIALIZED_AUTOS = YES_AGGRESSIVE;
				GCC_WARN_UNUSED_FUNCTION = YES;
				GCC_WARN_UNUSED_VARIABLE = YES;
				IPHONEOS_DEPLOYMENT_TARGET = 17.2;
				LOCALIZATION_PREFERS_STRING_CATALOGS = YES;
				MTL_ENABLE_DEBUG_INFO = NO;
				MTL_FAST_MATH = YES;
				SDKROOT = iphoneos;
				SWIFT_COMPILATION_MODE = wholemodule;
				VALIDATE_PRODUCT = YES;
			};
			name = Release;
		};
		ABCE4AD02B4540A800516621 /* Debug */ = {
			isa = XCBuildConfiguration;
			buildSettings = {
				ASSETCATALOG_COMPILER_APPICON_NAME = AppIcon;
				ASSETCATALOG_COMPILER_GLOBAL_ACCENT_COLOR_NAME = AccentColor;
				CODE_SIGN_STYLE = Automatic;
				CURRENT_PROJECT_VERSION = 1;
				DEVELOPMENT_ASSET_PATHS = "\"ProyectoFinalMangas/Preview Content\"";
				DEVELOPMENT_TEAM = Y2U8HYGJ98;
				ENABLE_PREVIEWS = YES;
				GENERATE_INFOPLIST_FILE = YES;
				INFOPLIST_KEY_UIApplicationSceneManifest_Generation = YES;
				INFOPLIST_KEY_UIApplicationSupportsIndirectInputEvents = YES;
				INFOPLIST_KEY_UILaunchScreen_Generation = YES;
				INFOPLIST_KEY_UISupportedInterfaceOrientations_iPad = "UIInterfaceOrientationPortrait UIInterfaceOrientationPortraitUpsideDown UIInterfaceOrientationLandscapeLeft UIInterfaceOrientationLandscapeRight";
				INFOPLIST_KEY_UISupportedInterfaceOrientations_iPhone = "UIInterfaceOrientationPortrait UIInterfaceOrientationLandscapeLeft UIInterfaceOrientationLandscapeRight";
				LD_RUNPATH_SEARCH_PATHS = (
					"$(inherited)",
					"@executable_path/Frameworks",
				);
				MARKETING_VERSION = 1.0;
				PRODUCT_BUNDLE_IDENTIFIER = jordisabria.ProyectoFinalMangas;
				PRODUCT_NAME = "$(TARGET_NAME)";
				SWIFT_EMIT_LOC_STRINGS = YES;
				SWIFT_VERSION = 5.0;
				TARGETED_DEVICE_FAMILY = "1,2";
			};
			name = Debug;
		};
		ABCE4AD12B4540A800516621 /* Release */ = {
			isa = XCBuildConfiguration;
			buildSettings = {
				ASSETCATALOG_COMPILER_APPICON_NAME = AppIcon;
				ASSETCATALOG_COMPILER_GLOBAL_ACCENT_COLOR_NAME = AccentColor;
				CODE_SIGN_STYLE = Automatic;
				CURRENT_PROJECT_VERSION = 1;
				DEVELOPMENT_ASSET_PATHS = "\"ProyectoFinalMangas/Preview Content\"";
				DEVELOPMENT_TEAM = Y2U8HYGJ98;
				ENABLE_PREVIEWS = YES;
				GENERATE_INFOPLIST_FILE = YES;
				INFOPLIST_KEY_UIApplicationSceneManifest_Generation = YES;
				INFOPLIST_KEY_UIApplicationSupportsIndirectInputEvents = YES;
				INFOPLIST_KEY_UILaunchScreen_Generation = YES;
				INFOPLIST_KEY_UISupportedInterfaceOrientations_iPad = "UIInterfaceOrientationPortrait UIInterfaceOrientationPortraitUpsideDown UIInterfaceOrientationLandscapeLeft UIInterfaceOrientationLandscapeRight";
				INFOPLIST_KEY_UISupportedInterfaceOrientations_iPhone = "UIInterfaceOrientationPortrait UIInterfaceOrientationLandscapeLeft UIInterfaceOrientationLandscapeRight";
				LD_RUNPATH_SEARCH_PATHS = (
					"$(inherited)",
					"@executable_path/Frameworks",
				);
				MARKETING_VERSION = 1.0;
				PRODUCT_BUNDLE_IDENTIFIER = jordisabria.ProyectoFinalMangas;
				PRODUCT_NAME = "$(TARGET_NAME)";
				SWIFT_EMIT_LOC_STRINGS = YES;
				SWIFT_VERSION = 5.0;
				TARGETED_DEVICE_FAMILY = "1,2";
			};
			name = Release;
		};
/* End XCBuildConfiguration section */

/* Begin XCConfigurationList section */
		ABCE4ABC2B4540A600516621 /* Build configuration list for PBXProject "ProyectoFinalMangas" */ = {
			isa = XCConfigurationList;
			buildConfigurations = (
				ABCE4ACD2B4540A800516621 /* Debug */,
				ABCE4ACE2B4540A800516621 /* Release */,
			);
			defaultConfigurationIsVisible = 0;
			defaultConfigurationName = Release;
		};
		ABCE4ACF2B4540A800516621 /* Build configuration list for PBXNativeTarget "ProyectoFinalMangas" */ = {
			isa = XCConfigurationList;
			buildConfigurations = (
				ABCE4AD02B4540A800516621 /* Debug */,
				ABCE4AD12B4540A800516621 /* Release */,
			);
			defaultConfigurationIsVisible = 0;
			defaultConfigurationName = Release;
		};
/* End XCConfigurationList section */
	};
	rootObject = ABCE4AB92B4540A600516621 /* Project object */;
}
